// !$*UTF8*$!
{
	archiveVersion = 1;
	classes = {
	};
	objectVersion = 50;
	objects = {

/* Begin PBXBuildFile section */
		410B9D6C21F8767300F4AF6A /* Number.swift in Sources */ = {isa = PBXBuildFile; fileRef = 410B9D6B21F8767300F4AF6A /* Number.swift */; };
		410B9D6E21F8792000F4AF6A /* Board.swift in Sources */ = {isa = PBXBuildFile; fileRef = 410B9D6D21F8792000F4AF6A /* Board.swift */; };
		4148DC7221F7951B00B3376C /* AppDelegate.swift in Sources */ = {isa = PBXBuildFile; fileRef = 4148DC7121F7951B00B3376C /* AppDelegate.swift */; };
		4148DC7421F7951B00B3376C /* ViewController.swift in Sources */ = {isa = PBXBuildFile; fileRef = 4148DC7321F7951B00B3376C /* ViewController.swift */; };
		4148DC7721F7951B00B3376C /* Main.storyboard in Resources */ = {isa = PBXBuildFile; fileRef = 4148DC7521F7951B00B3376C /* Main.storyboard */; };
		4148DC7921F7951B00B3376C /* Assets.xcassets in Resources */ = {isa = PBXBuildFile; fileRef = 4148DC7821F7951B00B3376C /* Assets.xcassets */; };
		4148DC7C21F7951B00B3376C /* LaunchScreen.storyboard in Resources */ = {isa = PBXBuildFile; fileRef = 4148DC7A21F7951B00B3376C /* LaunchScreen.storyboard */; };
		4148DC8721F7951B00B3376C /* _048Tests.swift in Sources */ = {isa = PBXBuildFile; fileRef = 4148DC8621F7951B00B3376C /* _048Tests.swift */; };
		4148DC9221F7951B00B3376C /* _048UITests.swift in Sources */ = {isa = PBXBuildFile; fileRef = 4148DC9121F7951B00B3376C /* _048UITests.swift */; };
		41D96E8021F8B32400E6A735 /* 2048.png in Resources */ = {isa = PBXBuildFile; fileRef = 41D96E7321F8B32400E6A735 /* 2048.png */; };
		41D96E8121F8B32400E6A735 /* 1024.png in Resources */ = {isa = PBXBuildFile; fileRef = 41D96E7421F8B32400E6A735 /* 1024.png */; };
		41D96E8221F8B32400E6A735 /* 64.png in Resources */ = {isa = PBXBuildFile; fileRef = 41D96E7521F8B32400E6A735 /* 64.png */; };
		41D96E8321F8B32400E6A735 /* 8.png in Resources */ = {isa = PBXBuildFile; fileRef = 41D96E7621F8B32400E6A735 /* 8.png */; };
		41D96E8421F8B32400E6A735 /* 128.png in Resources */ = {isa = PBXBuildFile; fileRef = 41D96E7721F8B32400E6A735 /* 128.png */; };
		41D96E8521F8B32400E6A735 /* 512.png in Resources */ = {isa = PBXBuildFile; fileRef = 41D96E7821F8B32400E6A735 /* 512.png */; };
		41D96E8621F8B32400E6A735 /* 16.png in Resources */ = {isa = PBXBuildFile; fileRef = 41D96E7921F8B32400E6A735 /* 16.png */; };
		41D96E8721F8B32400E6A735 /* 256.png in Resources */ = {isa = PBXBuildFile; fileRef = 41D96E7A21F8B32400E6A735 /* 256.png */; };
		41D96E8821F8B32400E6A735 /* 4096.png in Resources */ = {isa = PBXBuildFile; fileRef = 41D96E7B21F8B32400E6A735 /* 4096.png */; };
		41D96E8921F8B32400E6A735 /* 32.png in Resources */ = {isa = PBXBuildFile; fileRef = 41D96E7C21F8B32400E6A735 /* 32.png */; };
		41D96E8A21F8B32400E6A735 /* 4.png in Resources */ = {isa = PBXBuildFile; fileRef = 41D96E7D21F8B32400E6A735 /* 4.png */; };
		41D96E8B21F8B32400E6A735 /* 2.png in Resources */ = {isa = PBXBuildFile; fileRef = 41D96E7E21F8B32400E6A735 /* 2.png */; };
		41D96E8C21F8B32400E6A735 /* 8192.png in Resources */ = {isa = PBXBuildFile; fileRef = 41D96E7F21F8B32400E6A735 /* 8192.png */; };
/* End PBXBuildFile section */

/* Begin PBXContainerItemProxy section */
		4148DC8321F7951B00B3376C /* PBXContainerItemProxy */ = {
			isa = PBXContainerItemProxy;
			containerPortal = 4148DC6621F7951B00B3376C /* Project object */;
			proxyType = 1;
			remoteGlobalIDString = 4148DC6D21F7951B00B3376C;
			remoteInfo = 2048;
		};
		4148DC8E21F7951B00B3376C /* PBXContainerItemProxy */ = {
			isa = PBXContainerItemProxy;
			containerPortal = 4148DC6621F7951B00B3376C /* Project object */;
			proxyType = 1;
			remoteGlobalIDString = 4148DC6D21F7951B00B3376C;
			remoteInfo = 2048;
		};
/* End PBXContainerItemProxy section */

/* Begin PBXFileReference section */
		410B9D6B21F8767300F4AF6A /* Number.swift */ = {isa = PBXFileReference; lastKnownFileType = sourcecode.swift; path = Number.swift; sourceTree = "<group>"; };
		410B9D6D21F8792000F4AF6A /* Board.swift */ = {isa = PBXFileReference; lastKnownFileType = sourcecode.swift; path = Board.swift; sourceTree = "<group>"; };
		4148DC6E21F7951B00B3376C /* 2048.app */ = {isa = PBXFileReference; explicitFileType = wrapper.application; includeInIndex = 0; path = 2048.app; sourceTree = BUILT_PRODUCTS_DIR; };
		4148DC7121F7951B00B3376C /* AppDelegate.swift */ = {isa = PBXFileReference; lastKnownFileType = sourcecode.swift; path = AppDelegate.swift; sourceTree = "<group>"; };
		4148DC7321F7951B00B3376C /* ViewController.swift */ = {isa = PBXFileReference; lastKnownFileType = sourcecode.swift; path = ViewController.swift; sourceTree = "<group>"; };
		4148DC7621F7951B00B3376C /* Base */ = {isa = PBXFileReference; lastKnownFileType = file.storyboard; name = Base; path = Base.lproj/Main.storyboard; sourceTree = "<group>"; };
		4148DC7821F7951B00B3376C /* Assets.xcassets */ = {isa = PBXFileReference; lastKnownFileType = folder.assetcatalog; path = Assets.xcassets; sourceTree = "<group>"; };
		4148DC7B21F7951B00B3376C /* Base */ = {isa = PBXFileReference; lastKnownFileType = file.storyboard; name = Base; path = Base.lproj/LaunchScreen.storyboard; sourceTree = "<group>"; };
		4148DC7D21F7951B00B3376C /* Info.plist */ = {isa = PBXFileReference; lastKnownFileType = text.plist.xml; path = Info.plist; sourceTree = "<group>"; };
		4148DC8221F7951B00B3376C /* 2048Tests.xctest */ = {isa = PBXFileReference; explicitFileType = wrapper.cfbundle; includeInIndex = 0; path = 2048Tests.xctest; sourceTree = BUILT_PRODUCTS_DIR; };
		4148DC8621F7951B00B3376C /* _048Tests.swift */ = {isa = PBXFileReference; lastKnownFileType = sourcecode.swift; path = _048Tests.swift; sourceTree = "<group>"; };
		4148DC8821F7951B00B3376C /* Info.plist */ = {isa = PBXFileReference; lastKnownFileType = text.plist.xml; path = Info.plist; sourceTree = "<group>"; };
		4148DC8D21F7951B00B3376C /* 2048UITests.xctest */ = {isa = PBXFileReference; explicitFileType = wrapper.cfbundle; includeInIndex = 0; path = 2048UITests.xctest; sourceTree = BUILT_PRODUCTS_DIR; };
		4148DC9121F7951B00B3376C /* _048UITests.swift */ = {isa = PBXFileReference; lastKnownFileType = sourcecode.swift; path = _048UITests.swift; sourceTree = "<group>"; };
		4148DC9321F7951B00B3376C /* Info.plist */ = {isa = PBXFileReference; lastKnownFileType = text.plist.xml; path = Info.plist; sourceTree = "<group>"; };
		41D96E7321F8B32400E6A735 /* 2048.png */ = {isa = PBXFileReference; lastKnownFileType = image.png; path = 2048.png; sourceTree = "<group>"; };
		41D96E7421F8B32400E6A735 /* 1024.png */ = {isa = PBXFileReference; lastKnownFileType = image.png; path = 1024.png; sourceTree = "<group>"; };
		41D96E7521F8B32400E6A735 /* 64.png */ = {isa = PBXFileReference; lastKnownFileType = image.png; path = 64.png; sourceTree = "<group>"; };
		41D96E7621F8B32400E6A735 /* 8.png */ = {isa = PBXFileReference; lastKnownFileType = image.png; path = 8.png; sourceTree = "<group>"; };
		41D96E7721F8B32400E6A735 /* 128.png */ = {isa = PBXFileReference; lastKnownFileType = image.png; path = 128.png; sourceTree = "<group>"; };
		41D96E7821F8B32400E6A735 /* 512.png */ = {isa = PBXFileReference; lastKnownFileType = image.png; path = 512.png; sourceTree = "<group>"; };
		41D96E7921F8B32400E6A735 /* 16.png */ = {isa = PBXFileReference; lastKnownFileType = image.png; path = 16.png; sourceTree = "<group>"; };
		41D96E7A21F8B32400E6A735 /* 256.png */ = {isa = PBXFileReference; lastKnownFileType = image.png; path = 256.png; sourceTree = "<group>"; };
		41D96E7B21F8B32400E6A735 /* 4096.png */ = {isa = PBXFileReference; lastKnownFileType = image.png; path = 4096.png; sourceTree = "<group>"; };
		41D96E7C21F8B32400E6A735 /* 32.png */ = {isa = PBXFileReference; lastKnownFileType = image.png; path = 32.png; sourceTree = "<group>"; };
		41D96E7D21F8B32400E6A735 /* 4.png */ = {isa = PBXFileReference; lastKnownFileType = image.png; path = 4.png; sourceTree = "<group>"; };
		41D96E7E21F8B32400E6A735 /* 2.png */ = {isa = PBXFileReference; lastKnownFileType = image.png; path = 2.png; sourceTree = "<group>"; };
		41D96E7F21F8B32400E6A735 /* 8192.png */ = {isa = PBXFileReference; lastKnownFileType = image.png; path = 8192.png; sourceTree = "<group>"; };
/* End PBXFileReference section */

/* Begin PBXFrameworksBuildPhase section */
		4148DC6B21F7951B00B3376C /* Frameworks */ = {
			isa = PBXFrameworksBuildPhase;
			buildActionMask = 2147483647;
			files = (
			);
			runOnlyForDeploymentPostprocessing = 0;
		};
		4148DC7F21F7951B00B3376C /* Frameworks */ = {
			isa = PBXFrameworksBuildPhase;
			buildActionMask = 2147483647;
			files = (
			);
			runOnlyForDeploymentPostprocessing = 0;
		};
		4148DC8A21F7951B00B3376C /* Frameworks */ = {
			isa = PBXFrameworksBuildPhase;
			buildActionMask = 2147483647;
			files = (
			);
			runOnlyForDeploymentPostprocessing = 0;
		};
/* End PBXFrameworksBuildPhase section */

/* Begin PBXGroup section */
		4148DC6521F7951B00B3376C = {
			isa = PBXGroup;
			children = (
				4148DC7021F7951B00B3376C /* 2048 */,
				4148DC8521F7951B00B3376C /* 2048Tests */,
				4148DC9021F7951B00B3376C /* 2048UITests */,
				4148DC6F21F7951B00B3376C /* Products */,
			);
			sourceTree = "<group>";
		};
		4148DC6F21F7951B00B3376C /* Products */ = {
			isa = PBXGroup;
			children = (
				4148DC6E21F7951B00B3376C /* 2048.app */,
				4148DC8221F7951B00B3376C /* 2048Tests.xctest */,
				4148DC8D21F7951B00B3376C /* 2048UITests.xctest */,
			);
			name = Products;
			sourceTree = "<group>";
		};
		4148DC7021F7951B00B3376C /* 2048 */ = {
			isa = PBXGroup;
			children = (
				4148DC7121F7951B00B3376C /* AppDelegate.swift */,
				4148DC7321F7951B00B3376C /* ViewController.swift */,
				410B9D6B21F8767300F4AF6A /* Number.swift */,
				410B9D6D21F8792000F4AF6A /* Board.swift */,
				4148DC7521F7951B00B3376C /* Main.storyboard */,
				4148DC7821F7951B00B3376C /* Assets.xcassets */,
				4148DC7A21F7951B00B3376C /* LaunchScreen.storyboard */,
				4148DC7D21F7951B00B3376C /* Info.plist */,
				41D96E7221F8B32400E6A735 /* Content */,
			);
			path = 2048;
			sourceTree = "<group>";
		};
		4148DC8521F7951B00B3376C /* 2048Tests */ = {
			isa = PBXGroup;
			children = (
				4148DC8621F7951B00B3376C /* _048Tests.swift */,
				4148DC8821F7951B00B3376C /* Info.plist */,
			);
			path = 2048Tests;
			sourceTree = "<group>";
		};
		4148DC9021F7951B00B3376C /* 2048UITests */ = {
			isa = PBXGroup;
			children = (
				4148DC9121F7951B00B3376C /* _048UITests.swift */,
				4148DC9321F7951B00B3376C /* Info.plist */,
			);
			path = 2048UITests;
			sourceTree = "<group>";
		};
		41D96E7221F8B32400E6A735 /* Content */ = {
			isa = PBXGroup;
			children = (
				41D96E7321F8B32400E6A735 /* 2048.png */,
				41D96E7421F8B32400E6A735 /* 1024.png */,
				41D96E7521F8B32400E6A735 /* 64.png */,
				41D96E7621F8B32400E6A735 /* 8.png */,
				41D96E7721F8B32400E6A735 /* 128.png */,
				41D96E7821F8B32400E6A735 /* 512.png */,
				41D96E7921F8B32400E6A735 /* 16.png */,
				41D96E7A21F8B32400E6A735 /* 256.png */,
				41D96E7B21F8B32400E6A735 /* 4096.png */,
				41D96E7C21F8B32400E6A735 /* 32.png */,
				41D96E7D21F8B32400E6A735 /* 4.png */,
				41D96E7E21F8B32400E6A735 /* 2.png */,
				41D96E7F21F8B32400E6A735 /* 8192.png */,
			);
			path = Content;
			sourceTree = "<group>";
		};
/* End PBXGroup section */

/* Begin PBXNativeTarget section */
		4148DC6D21F7951B00B3376C /* 2048 */ = {
			isa = PBXNativeTarget;
			buildConfigurationList = 4148DC9621F7951B00B3376C /* Build configuration list for PBXNativeTarget "2048" */;
			buildPhases = (
				4148DC6A21F7951B00B3376C /* Sources */,
				4148DC6B21F7951B00B3376C /* Frameworks */,
				4148DC6C21F7951B00B3376C /* Resources */,
			);
			buildRules = (
			);
			dependencies = (
			);
			name = 2048;
			productName = 2048;
			productReference = 4148DC6E21F7951B00B3376C /* 2048.app */;
			productType = "com.apple.product-type.application";
		};
		4148DC8121F7951B00B3376C /* 2048Tests */ = {
			isa = PBXNativeTarget;
			buildConfigurationList = 4148DC9921F7951B00B3376C /* Build configuration list for PBXNativeTarget "2048Tests" */;
			buildPhases = (
				4148DC7E21F7951B00B3376C /* Sources */,
				4148DC7F21F7951B00B3376C /* Frameworks */,
				4148DC8021F7951B00B3376C /* Resources */,
			);
			buildRules = (
			);
			dependencies = (
				4148DC8421F7951B00B3376C /* PBXTargetDependency */,
			);
			name = 2048Tests;
			productName = 2048Tests;
			productReference = 4148DC8221F7951B00B3376C /* 2048Tests.xctest */;
			productType = "com.apple.product-type.bundle.unit-test";
		};
		4148DC8C21F7951B00B3376C /* 2048UITests */ = {
			isa = PBXNativeTarget;
			buildConfigurationList = 4148DC9C21F7951B00B3376C /* Build configuration list for PBXNativeTarget "2048UITests" */;
			buildPhases = (
				4148DC8921F7951B00B3376C /* Sources */,
				4148DC8A21F7951B00B3376C /* Frameworks */,
				4148DC8B21F7951B00B3376C /* Resources */,
			);
			buildRules = (
			);
			dependencies = (
				4148DC8F21F7951B00B3376C /* PBXTargetDependency */,
			);
			name = 2048UITests;
			productName = 2048UITests;
			productReference = 4148DC8D21F7951B00B3376C /* 2048UITests.xctest */;
			productType = "com.apple.product-type.bundle.ui-testing";
		};
/* End PBXNativeTarget section */

/* Begin PBXProject section */
		4148DC6621F7951B00B3376C /* Project object */ = {
			isa = PBXProject;
			attributes = {
				LastSwiftUpdateCheck = 1010;
				LastUpgradeCheck = 1010;
				ORGANIZATIONNAME = "Cheuk Lun Ko";
				TargetAttributes = {
					4148DC6D21F7951B00B3376C = {
						CreatedOnToolsVersion = 10.1;
					};
					4148DC8121F7951B00B3376C = {
						CreatedOnToolsVersion = 10.1;
						TestTargetID = 4148DC6D21F7951B00B3376C;
					};
					4148DC8C21F7951B00B3376C = {
						CreatedOnToolsVersion = 10.1;
						TestTargetID = 4148DC6D21F7951B00B3376C;
					};
				};
			};
			buildConfigurationList = 4148DC6921F7951B00B3376C /* Build configuration list for PBXProject "2048" */;
			compatibilityVersion = "Xcode 9.3";
			developmentRegion = en;
			hasScannedForEncodings = 0;
			knownRegions = (
				en,
				Base,
			);
			mainGroup = 4148DC6521F7951B00B3376C;
			productRefGroup = 4148DC6F21F7951B00B3376C /* Products */;
			projectDirPath = "";
			projectRoot = "";
			targets = (
				4148DC6D21F7951B00B3376C /* 2048 */,
				4148DC8121F7951B00B3376C /* 2048Tests */,
				4148DC8C21F7951B00B3376C /* 2048UITests */,
			);
		};
/* End PBXProject section */

/* Begin PBXResourcesBuildPhase section */
		4148DC6C21F7951B00B3376C /* Resources */ = {
			isa = PBXResourcesBuildPhase;
			buildActionMask = 2147483647;
			files = (
				41D96E8921F8B32400E6A735 /* 32.png in Resources */,
				41D96E8621F8B32400E6A735 /* 16.png in Resources */,
				4148DC7C21F7951B00B3376C /* LaunchScreen.storyboard in Resources */,
				41D96E8021F8B32400E6A735 /* 2048.png in Resources */,
				41D96E8721F8B32400E6A735 /* 256.png in Resources */,
				41D96E8121F8B32400E6A735 /* 1024.png in Resources */,
				41D96E8221F8B32400E6A735 /* 64.png in Resources */,
				41D96E8821F8B32400E6A735 /* 4096.png in Resources */,
				41D96E8A21F8B32400E6A735 /* 4.png in Resources */,
				4148DC7921F7951B00B3376C /* Assets.xcassets in Resources */,
				41D96E8421F8B32400E6A735 /* 128.png in Resources */,
				41D96E8521F8B32400E6A735 /* 512.png in Resources */,
				41D96E8B21F8B32400E6A735 /* 2.png in Resources */,
				4148DC7721F7951B00B3376C /* Main.storyboard in Resources */,
				41D96E8321F8B32400E6A735 /* 8.png in Resources */,
				41D96E8C21F8B32400E6A735 /* 8192.png in Resources */,
			);
			runOnlyForDeploymentPostprocessing = 0;
		};
		4148DC8021F7951B00B3376C /* Resources */ = {
			isa = PBXResourcesBuildPhase;
			buildActionMask = 2147483647;
			files = (
			);
			runOnlyForDeploymentPostprocessing = 0;
		};
		4148DC8B21F7951B00B3376C /* Resources */ = {
			isa = PBXResourcesBuildPhase;
			buildActionMask = 2147483647;
			files = (
			);
			runOnlyForDeploymentPostprocessing = 0;
		};
/* End PBXResourcesBuildPhase section */

/* Begin PBXSourcesBuildPhase section */
		4148DC6A21F7951B00B3376C /* Sources */ = {
			isa = PBXSourcesBuildPhase;
			buildActionMask = 2147483647;
			files = (
				4148DC7421F7951B00B3376C /* ViewController.swift in Sources */,
				4148DC7221F7951B00B3376C /* AppDelegate.swift in Sources */,
				410B9D6E21F8792000F4AF6A /* Board.swift in Sources */,
				410B9D6C21F8767300F4AF6A /* Number.swift in Sources */,
			);
			runOnlyForDeploymentPostprocessing = 0;
		};
		4148DC7E21F7951B00B3376C /* Sources */ = {
			isa = PBXSourcesBuildPhase;
			buildActionMask = 2147483647;
			files = (
				4148DC8721F7951B00B3376C /* _048Tests.swift in Sources */,
			);
			runOnlyForDeploymentPostprocessing = 0;
		};
		4148DC8921F7951B00B3376C /* Sources */ = {
			isa = PBXSourcesBuildPhase;
			buildActionMask = 2147483647;
			files = (
				4148DC9221F7951B00B3376C /* _048UITests.swift in Sources */,
			);
			runOnlyForDeploymentPostprocessing = 0;
		};
/* End PBXSourcesBuildPhase section */

/* Begin PBXTargetDependency section */
		4148DC8421F7951B00B3376C /* PBXTargetDependency */ = {
			isa = PBXTargetDependency;
			target = 4148DC6D21F7951B00B3376C /* 2048 */;
			targetProxy = 4148DC8321F7951B00B3376C /* PBXContainerItemProxy */;
		};
		4148DC8F21F7951B00B3376C /* PBXTargetDependency */ = {
			isa = PBXTargetDependency;
			target = 4148DC6D21F7951B00B3376C /* 2048 */;
			targetProxy = 4148DC8E21F7951B00B3376C /* PBXContainerItemProxy */;
		};
/* End PBXTargetDependency section */

/* Begin PBXVariantGroup section */
		4148DC7521F7951B00B3376C /* Main.storyboard */ = {
			isa = PBXVariantGroup;
			children = (
				4148DC7621F7951B00B3376C /* Base */,
			);
			name = Main.storyboard;
			sourceTree = "<group>";
		};
		4148DC7A21F7951B00B3376C /* LaunchScreen.storyboard */ = {
			isa = PBXVariantGroup;
			children = (
				4148DC7B21F7951B00B3376C /* Base */,
			);
			name = LaunchScreen.storyboard;
			sourceTree = "<group>";
		};
/* End PBXVariantGroup section */

/* Begin XCBuildConfiguration section */
		4148DC9421F7951B00B3376C /* Debug */ = {
			isa = XCBuildConfiguration;
			buildSettings = {
				ALWAYS_SEARCH_USER_PATHS = NO;
				CLANG_ANALYZER_NONNULL = YES;
				CLANG_ANALYZER_NUMBER_OBJECT_CONVERSION = YES_AGGRESSIVE;
				CLANG_CXX_LANGUAGE_STANDARD = "gnu++14";
				CLANG_CXX_LIBRARY = "libc++";
				CLANG_ENABLE_MODULES = YES;
				CLANG_ENABLE_OBJC_ARC = YES;
				CLANG_ENABLE_OBJC_WEAK = YES;
				CLANG_WARN_BLOCK_CAPTURE_AUTORELEASING = YES;
				CLANG_WARN_BOOL_CONVERSION = YES;
				CLANG_WARN_COMMA = YES;
				CLANG_WARN_CONSTANT_CONVERSION = YES;
				CLANG_WARN_DEPRECATED_OBJC_IMPLEMENTATIONS = YES;
				CLANG_WARN_DIRECT_OBJC_ISA_USAGE = YES_ERROR;
				CLANG_WARN_DOCUMENTATION_COMMENTS = YES;
				CLANG_WARN_EMPTY_BODY = YES;
				CLANG_WARN_ENUM_CONVERSION = YES;
				CLANG_WARN_INFINITE_RECURSION = YES;
				CLANG_WARN_INT_CONVERSION = YES;
				CLANG_WARN_NON_LITERAL_NULL_CONVERSION = YES;
				CLANG_WARN_OBJC_IMPLICIT_RETAIN_SELF = YES;
				CLANG_WARN_OBJC_LITERAL_CONVERSION = YES;
				CLANG_WARN_OBJC_ROOT_CLASS = YES_ERROR;
				CLANG_WARN_RANGE_LOOP_ANALYSIS = YES;
				CLANG_WARN_STRICT_PROTOTYPES = YES;
				CLANG_WARN_SUSPICIOUS_MOVE = YES;
				CLANG_WARN_UNGUARDED_AVAILABILITY = YES_AGGRESSIVE;
				CLANG_WARN_UNREACHABLE_CODE = YES;
				CLANG_WARN__DUPLICATE_METHOD_MATCH = YES;
				CODE_SIGN_IDENTITY = "iPhone Developer";
				COPY_PHASE_STRIP = NO;
				DEBUG_INFORMATION_FORMAT = dwarf;
				ENABLE_STRICT_OBJC_MSGSEND = YES;
				ENABLE_TESTABILITY = YES;
				GCC_C_LANGUAGE_STANDARD = gnu11;
				GCC_DYNAMIC_NO_PIC = NO;
				GCC_NO_COMMON_BLOCKS = YES;
				GCC_OPTIMIZATION_LEVEL = 0;
				GCC_PREPROCESSOR_DEFINITIONS = (
					"DEBUG=1",
					"$(inherited)",
				);
				GCC_WARN_64_TO_32_BIT_CONVERSION = YES;
				GCC_WARN_ABOUT_RETURN_TYPE = YES_ERROR;
				GCC_WARN_UNDECLARED_SELECTOR = YES;
				GCC_WARN_UNINITIALIZED_AUTOS = YES_AGGRESSIVE;
				GCC_WARN_UNUSED_FUNCTION = YES;
				GCC_WARN_UNUSED_VARIABLE = YES;
				IPHONEOS_DEPLOYMENT_TARGET = 12.1;
				MTL_ENABLE_DEBUG_INFO = INCLUDE_SOURCE;
				MTL_FAST_MATH = YES;
				ONLY_ACTIVE_ARCH = YES;
				SDKROOT = iphoneos;
				SWIFT_ACTIVE_COMPILATION_CONDITIONS = DEBUG;
				SWIFT_OPTIMIZATION_LEVEL = "-Onone";
			};
			name = Debug;
		};
		4148DC9521F7951B00B3376C /* Release */ = {
			isa = XCBuildConfiguration;
			buildSettings = {
				ALWAYS_SEARCH_USER_PATHS = NO;
				CLANG_ANALYZER_NONNULL = YES;
				CLANG_ANALYZER_NUMBER_OBJECT_CONVERSION = YES_AGGRESSIVE;
				CLANG_CXX_LANGUAGE_STANDARD = "gnu++14";
				CLANG_CXX_LIBRARY = "libc++";
				CLANG_ENABLE_MODULES = YES;
				CLANG_ENABLE_OBJC_ARC = YES;
				CLANG_ENABLE_OBJC_WEAK = YES;
				CLANG_WARN_BLOCK_CAPTURE_AUTORELEASING = YES;
				CLANG_WARN_BOOL_CONVERSION = YES;
				CLANG_WARN_COMMA = YES;
				CLANG_WARN_CONSTANT_CONVERSION = YES;
				CLANG_WARN_DEPRECATED_OBJC_IMPLEMENTATIONS = YES;
				CLANG_WARN_DIRECT_OBJC_ISA_USAGE = YES_ERROR;
				CLANG_WARN_DOCUMENTATION_COMMENTS = YES;
				CLANG_WARN_EMPTY_BODY = YES;
				CLANG_WARN_ENUM_CONVERSION = YES;
				CLANG_WARN_INFINITE_RECURSION = YES;
				CLANG_WARN_INT_CONVERSION = YES;
				CLANG_WARN_NON_LITERAL_NULL_CONVERSION = YES;
				CLANG_WARN_OBJC_IMPLICIT_RETAIN_SELF = YES;
				CLANG_WARN_OBJC_LITERAL_CONVERSION = YES;
				CLANG_WARN_OBJC_ROOT_CLASS = YES_ERROR;
				CLANG_WARN_RANGE_LOOP_ANALYSIS = YES;
				CLANG_WARN_STRICT_PROTOTYPES = YES;
				CLANG_WARN_SUSPICIOUS_MOVE = YES;
				CLANG_WARN_UNGUARDED_AVAILABILITY = YES_AGGRESSIVE;
				CLANG_WARN_UNREACHABLE_CODE = YES;
				CLANG_WARN__DUPLICATE_METHOD_MATCH = YES;
				CODE_SIGN_IDENTITY = "iPhone Developer";
				COPY_PHASE_STRIP = NO;
				DEBUG_INFORMATION_FORMAT = "dwarf-with-dsym";
				ENABLE_NS_ASSERTIONS = NO;
				ENABLE_STRICT_OBJC_MSGSEND = YES;
				GCC_C_LANGUAGE_STANDARD = gnu11;
				GCC_NO_COMMON_BLOCKS = YES;
				GCC_WARN_64_TO_32_BIT_CONVERSION = YES;
				GCC_WARN_ABOUT_RETURN_TYPE = YES_ERROR;
				GCC_WARN_UNDECLARED_SELECTOR = YES;
				GCC_WARN_UNINITIALIZED_AUTOS = YES_AGGRESSIVE;
				GCC_WARN_UNUSED_FUNCTION = YES;
				GCC_WARN_UNUSED_VARIABLE = YES;
				IPHONEOS_DEPLOYMENT_TARGET = 12.1;
				MTL_ENABLE_DEBUG_INFO = NO;
				MTL_FAST_MATH = YES;
				SDKROOT = iphoneos;
				SWIFT_COMPILATION_MODE = wholemodule;
				SWIFT_OPTIMIZATION_LEVEL = "-O";
				VALIDATE_PRODUCT = YES;
			};
			name = Release;
		};
		4148DC9721F7951B00B3376C /* Debug */ = {
			isa = XCBuildConfiguration;
			buildSettings = {
				ASSETCATALOG_COMPILER_APPICON_NAME = AppIcon;
				CODE_SIGN_STYLE = Automatic;
				DEVELOPMENT_TEAM = 6BQ4PD4KBH;
				INFOPLIST_FILE = 2048/Info.plist;
				LD_RUNPATH_SEARCH_PATHS = (
					"$(inherited)",
					"@executable_path/Frameworks",
				);
				PRODUCT_BUNDLE_IDENTIFIER = "com.cheuklun.-048";
				PRODUCT_NAME = "$(TARGET_NAME)";
				SWIFT_VERSION = 4.2;
				TARGETED_DEVICE_FAMILY = 2;
			};
			name = Debug;
		};
		4148DC9821F7951B00B3376C /* Release */ = {
			isa = XCBuildConfiguration;
			buildSettings = {
				ASSETCATALOG_COMPILER_APPICON_NAME = AppIcon;
				CODE_SIGN_STYLE = Automatic;
				DEVELOPMENT_TEAM = 6BQ4PD4KBH;
				INFOPLIST_FILE = 2048/Info.plist;
				LD_RUNPATH_SEARCH_PATHS = (
					"$(inherited)",
					"@executable_path/Frameworks",
				);
				PRODUCT_BUNDLE_IDENTIFIER = "com.cheuklun.-048";
				PRODUCT_NAME = "$(TARGET_NAME)";
				SWIFT_VERSION = 4.2;
				TARGETED_DEVICE_FAMILY = 2;
			};
			name = Release;
		};
		4148DC9A21F7951B00B3376C /* Debug */ = {
			isa = XCBuildConfiguration;
			buildSettings = {
				ALWAYS_EMBED_SWIFT_STANDARD_LIBRARIES = YES;
				BUNDLE_LOADER = "$(TEST_HOST)";
				CODE_SIGN_STYLE = Automatic;
				DEVELOPMENT_TEAM = 6BQ4PD4KBH;
				INFOPLIST_FILE = 2048Tests/Info.plist;
				LD_RUNPATH_SEARCH_PATHS = (
					"$(inherited)",
					"@executable_path/Frameworks",
					"@loader_path/Frameworks",
				);
				PRODUCT_BUNDLE_IDENTIFIER = "com.cheuklun.-048Tests";
				PRODUCT_NAME = "$(TARGET_NAME)";
				SWIFT_VERSION = 4.2;
				TARGETED_DEVICE_FAMILY = "1,2";
				TEST_HOST = "$(BUILT_PRODUCTS_DIR)/2048.app/2048";
			};
			name = Debug;
		};
		4148DC9B21F7951B00B3376C /* Release */ = {
			isa = XCBuildConfiguration;
			buildSettings = {
				ALWAYS_EMBED_SWIFT_STANDARD_LIBRARIES = YES;
				BUNDLE_LOADER = "$(TEST_HOST)";
				CODE_SIGN_STYLE = Automatic;
				DEVELOPMENT_TEAM = 6BQ4PD4KBH;
				INFOPLIST_FILE = 2048Tests/Info.plist;
				LD_RUNPATH_SEARCH_PATHS = (
					"$(inherited)",
					"@executable_path/Frameworks",
					"@loader_path/Frameworks",
				);
				PRODUCT_BUNDLE_IDENTIFIER = "com.cheuklun.-048Tests";
				PRODUCT_NAME = "$(TARGET_NAME)";
				SWIFT_VERSION = 4.2;
				TARGETED_DEVICE_FAMILY = "1,2";
				TEST_HOST = "$(BUILT_PRODUCTS_DIR)/2048.app/2048";
			};
			name = Release;
		};
		4148DC9D21F7951B00B3376C /* Debug */ = {
			isa = XCBuildConfiguration;
			buildSettings = {
				ALWAYS_EMBED_SWIFT_STANDARD_LIBRARIES = YES;
				CODE_SIGN_STYLE = Automatic;
				DEVELOPMENT_TEAM = 6BQ4PD4KBH;
				INFOPLIST_FILE = 2048UITests/Info.plist;
				LD_RUNPATH_SEARCH_PATHS = (
					"$(inherited)",
					"@executable_path/Frameworks",
					"@loader_path/Frameworks",
				);
				PRODUCT_BUNDLE_IDENTIFIER = "com.cheuklun.-048UITests";
				PRODUCT_NAME = "$(TARGET_NAME)";
				SWIFT_VERSION = 4.2;
				TARGETED_DEVICE_FAMILY = "1,2";
				TEST_TARGET_NAME = 2048;
			};
			name = Debug;
		};
		4148DC9E21F7951B00B3376C /* Release */ = {
			isa = XCBuildConfiguration;
			buildSettings = {
				ALWAYS_EMBED_SWIFT_STANDARD_LIBRARIES = YES;
				CODE_SIGN_STYLE = Automatic;
				DEVELOPMENT_TEAM = 6BQ4PD4KBH;
				INFOPLIST_FILE = 2048UITests/Info.plist;
				LD_RUNPATH_SEARCH_PATHS = (
					"$(inherited)",
					"@executable_path/Frameworks",
					"@loader_path/Frameworks",
				);
				PRODUCT_BUNDLE_IDENTIFIER = "com.cheuklun.-048UITests";
				PRODUCT_NAME = "$(TARGET_NAME)";
				SWIFT_VERSION = 4.2;
				TARGETED_DEVICE_FAMILY = "1,2";
				TEST_TARGET_NAME = 2048;
			};
			name = Release;
		};
/* End XCBuildConfiguration section */

/* Begin XCConfigurationList section */
		4148DC6921F7951B00B3376C /* Build configuration list for PBXProject "2048" */ = {
			isa = XCConfigurationList;
			buildConfigurations = (
				4148DC9421F7951B00B3376C /* Debug */,
				4148DC9521F7951B00B3376C /* Release */,
			);
			defaultConfigurationIsVisible = 0;
			defaultConfigurationName = Release;
		};
		4148DC9621F7951B00B3376C /* Build configuration list for PBXNativeTarget "2048" */ = {
			isa = XCConfigurationList;
			buildConfigurations = (
				4148DC9721F7951B00B3376C /* Debug */,
				4148DC9821F7951B00B3376C /* Release */,
			);
			defaultConfigurationIsVisible = 0;
			defaultConfigurationName = Release;
		};
		4148DC9921F7951B00B3376C /* Build configuration list for PBXNativeTarget "2048Tests" */ = {
			isa = XCConfigurationList;
			buildConfigurations = (
				4148DC9A21F7951B00B3376C /* Debug */,
				4148DC9B21F7951B00B3376C /* Release */,
			);
			defaultConfigurationIsVisible = 0;
			defaultConfigurationName = Release;
		};
		4148DC9C21F7951B00B3376C /* Build configuration list for PBXNativeTarget "2048UITests" */ = {
			isa = XCConfigurationList;
			buildConfigurations = (
				4148DC9D21F7951B00B3376C /* Debug */,
				4148DC9E21F7951B00B3376C /* Release */,
			);
			defaultConfigurationIsVisible = 0;
			defaultConfigurationName = Release;
		};
/* End XCConfigurationList section */
	};
	rootObject = 4148DC6621F7951B00B3376C /* Project object */;
}
